
Microsoft Visual Studio Solution File, Format Version 12.00
# Visual Studio Version 16
VisualStudioVersion = 16.0.29201.188
MinimumVisualStudioVersion = 10.0.40219.1
Project("{FAE04EC0-301F-11D3-BF4B-00C04F79EFBC}") = "Kursach3", "Kursach3\Kursach3.csproj", "{246E3180-D663-4302-9178-1C88A9F9C0F0}"
EndProject
Project("{FAE04EC0-301F-11D3-BF4B-00C04F79EFBC}") = "Kursach3.Domain", "Kursach3Domain\Kursach3.Domain.csproj", "{C0265589-13FB-40D3-B9BA-D99F34CB41E6}"
EndProject
Project("{FAE04EC0-301F-11D3-BF4B-00C04F79EFBC}") = "Kursach3.WebUI", "Kursach3.WebUI\Kursach3.WebUI.csproj", "{8910492B-A16C-47FA-8C78-E7F9E8A5EACA}"
EndProject
Project("{FAE04EC0-301F-11D3-BF4B-00C04F79EFBC}") = "Kursach3.UnitTests", "Kursach3.UnitTests\Kursach3.UnitTests.csproj", "{7374CF00-A4B1-4FD8-A4CA-F45812CB5EFC}"
EndProject
Global
	GlobalSection(SolutionConfigurationPlatforms) = preSolution
		Debug|Any CPU = Debug|Any CPU
		Release|Any CPU = Release|Any CPU
	EndGlobalSection
	GlobalSection(ProjectConfigurationPlatforms) = postSolution
		{246E3180-D663-4302-9178-1C88A9F9C0F0}.Debug|Any CPU.ActiveCfg = Debug|Any CPU
		{246E3180-D663-4302-9178-1C88A9F9C0F0}.Debug|Any CPU.Build.0 = Debug|Any CPU
		{246E3180-D663-4302-9178-1C88A9F9C0F0}.Release|Any CPU.ActiveCfg = Release|Any CPU
		{246E3180-D663-4302-9178-1C88A9F9C0F0}.Release|Any CPU.Build.0 = Release|Any CPU
		{C0265589-13FB-40D3-B9BA-D99F34CB41E6}.Debug|Any CPU.ActiveCfg = Debug|Any CPU
		{C0265589-13FB-40D3-B9BA-D99F34CB41E6}.Debug|Any CPU.Build.0 = Debug|Any CPU
		{C0265589-13FB-40D3-B9BA-D99F34CB41E6}.Release|Any CPU.ActiveCfg = Release|Any CPU
		{C0265589-13FB-40D3-B9BA-D99F34CB41E6}.Release|Any CPU.Build.0 = Release|Any CPU
		{8910492B-A16C-47FA-8C78-E7F9E8A5EACA}.Debug|Any CPU.ActiveCfg = Debug|Any CPU
		{8910492B-A16C-47FA-8C78-E7F9E8A5EACA}.Debug|Any CPU.Build.0 = Debug|Any CPU
		{8910492B-A16C-47FA-8C78-E7F9E8A5EACA}.Release|Any CPU.ActiveCfg = Release|Any CPU
		{8910492B-A16C-47FA-8C78-E7F9E8A5EACA}.Release|Any CPU.Build.0 = Release|Any CPU
		{7374CF00-A4B1-4FD8-A4CA-F45812CB5EFC}.Debug|Any CPU.ActiveCfg = Debug|Any CPU
		{7374CF00-A4B1-4FD8-A4CA-F45812CB5EFC}.Debug|Any CPU.Build.0 = Debug|Any CPU
		{7374CF00-A4B1-4FD8-A4CA-F45812CB5EFC}.Release|Any CPU.ActiveCfg = Release|Any CPU
		{7374CF00-A4B1-4FD8-A4CA-F45812CB5EFC}.Release|Any CPU.Build.0 = Release|Any CPU
	EndGlobalSection
	GlobalSection(SolutionProperties) = preSolution
		HideSolutionNode = FALSE
	EndGlobalSection
	GlobalSection(ExtensibilityGlobals) = postSolution
		SolutionGuid = {A6F13BDC-F774-4D62-BC5C-CFA5F4AA3444}
	EndGlobalSection
EndGlobal
